
Microsoft Visual Studio Solution File, Format Version 12.00
# Visual Studio Version 16
VisualStudioVersion = 16.0.29411.108
MinimumVisualStudioVersion = 10.0.40219.1
Project("{FAE04EC0-301F-11D3-BF4B-00C04F79EFBC}") = "ProyectoEF", "ProyectoEF\ProyectoEF.csproj", "{E5969829-6FE1-462C-AA76-42BF7C04D832}"
EndProject
Global
	GlobalSection(SolutionConfigurationPlatforms) = preSolution
		Debug|Any CPU = Debug|Any CPU
		Release|Any CPU = Release|Any CPU
	EndGlobalSection
	GlobalSection(ProjectConfigurationPlatforms) = postSolution
		{E5969829-6FE1-462C-AA76-42BF7C04D832}.Debug|Any CPU.ActiveCfg = Debug|Any CPU
		{E5969829-6FE1-462C-AA76-42BF7C04D832}.Debug|Any CPU.Build.0 = Debug|Any CPU
		{E5969829-6FE1-462C-AA76-42BF7C04D832}.Release|Any CPU.ActiveCfg = Release|Any CPU
		{E5969829-6FE1-462C-AA76-42BF7C04D832}.Release|Any CPU.Build.0 = Release|Any CPU
	EndGlobalSection
	GlobalSection(SolutionProperties) = preSolution
		HideSolutionNode = FALSE
	EndGlobalSection
	GlobalSection(ExtensibilityGlobals) = postSolution
		SolutionGuid = {DCB0CCF2-8A9E-45F1-80FB-F76C6D248285}
	EndGlobalSection
EndGlobal
