
Microsoft Visual Studio Solution File, Format Version 12.00
# Visual Studio Version 16
VisualStudioVersion = 16.0.29411.108
MinimumVisualStudioVersion = 10.0.40219.1
Project("{FAE04EC0-301F-11D3-BF4B-00C04F79EFBC}") = "ProyectoErrores", "ProyectoErrores\ProyectoErrores.csproj", "{AC78810F-4821-4A84-B535-CE746D64AC62}"
EndProject
Global
	GlobalSection(SolutionConfigurationPlatforms) = preSolution
		Debug|Any CPU = Debug|Any CPU
		Release|Any CPU = Release|Any CPU
	EndGlobalSection
	GlobalSection(ProjectConfigurationPlatforms) = postSolution
		{AC78810F-4821-4A84-B535-CE746D64AC62}.Debug|Any CPU.ActiveCfg = Debug|Any CPU
		{AC78810F-4821-4A84-B535-CE746D64AC62}.Debug|Any CPU.Build.0 = Debug|Any CPU
		{AC78810F-4821-4A84-B535-CE746D64AC62}.Release|Any CPU.ActiveCfg = Release|Any CPU
		{AC78810F-4821-4A84-B535-CE746D64AC62}.Release|Any CPU.Build.0 = Release|Any CPU
	EndGlobalSection
	GlobalSection(SolutionProperties) = preSolution
		HideSolutionNode = FALSE
	EndGlobalSection
	GlobalSection(ExtensibilityGlobals) = postSolution
		SolutionGuid = {5125A06B-658C-4FB0-A990-1DCFA53248BE}
	EndGlobalSection
EndGlobal
