
Microsoft Visual Studio Solution File, Format Version 12.00
# Visual Studio Version 16
VisualStudioVersion = 16.0.29411.108
MinimumVisualStudioVersion = 10.0.40219.1
Project("{FAE04EC0-301F-11D3-BF4B-00C04F79EFBC}") = "ServicioApiCoches", "ServicioApiCoches\ServicioApiCoches.csproj", "{F9D251F5-5229-49D6-8340-A1DB7CEF034C}"
EndProject
Global
	GlobalSection(SolutionConfigurationPlatforms) = preSolution
		Debug|Any CPU = Debug|Any CPU
		Release|Any CPU = Release|Any CPU
	EndGlobalSection
	GlobalSection(ProjectConfigurationPlatforms) = postSolution
		{F9D251F5-5229-49D6-8340-A1DB7CEF034C}.Debug|Any CPU.ActiveCfg = Debug|Any CPU
		{F9D251F5-5229-49D6-8340-A1DB7CEF034C}.Debug|Any CPU.Build.0 = Debug|Any CPU
		{F9D251F5-5229-49D6-8340-A1DB7CEF034C}.Release|Any CPU.ActiveCfg = Release|Any CPU
		{F9D251F5-5229-49D6-8340-A1DB7CEF034C}.Release|Any CPU.Build.0 = Release|Any CPU
	EndGlobalSection
	GlobalSection(SolutionProperties) = preSolution
		HideSolutionNode = FALSE
	EndGlobalSection
	GlobalSection(ExtensibilityGlobals) = postSolution
		SolutionGuid = {E3FA127C-858A-4C59-9323-D27117670314}
	EndGlobalSection
EndGlobal
