
Microsoft Visual Studio Solution File, Format Version 12.00
# Visual Studio Version 16
VisualStudioVersion = 16.0.29411.108
MinimumVisualStudioVersion = 10.0.40219.1
Project("{FAE04EC0-301F-11D3-BF4B-00C04F79EFBC}") = "SeguridadMicrosoft", "SeguridadMicrosoft\SeguridadMicrosoft.csproj", "{7D1DA06F-3B88-42CB-9D6A-531A6837473D}"
EndProject
Global
	GlobalSection(SolutionConfigurationPlatforms) = preSolution
		Debug|Any CPU = Debug|Any CPU
		Release|Any CPU = Release|Any CPU
	EndGlobalSection
	GlobalSection(ProjectConfigurationPlatforms) = postSolution
		{7D1DA06F-3B88-42CB-9D6A-531A6837473D}.Debug|Any CPU.ActiveCfg = Debug|Any CPU
		{7D1DA06F-3B88-42CB-9D6A-531A6837473D}.Debug|Any CPU.Build.0 = Debug|Any CPU
		{7D1DA06F-3B88-42CB-9D6A-531A6837473D}.Release|Any CPU.ActiveCfg = Release|Any CPU
		{7D1DA06F-3B88-42CB-9D6A-531A6837473D}.Release|Any CPU.Build.0 = Release|Any CPU
	EndGlobalSection
	GlobalSection(SolutionProperties) = preSolution
		HideSolutionNode = FALSE
	EndGlobalSection
	GlobalSection(ExtensibilityGlobals) = postSolution
		SolutionGuid = {A45D21C2-AE31-4671-8B27-4CB3DDC741E4}
	EndGlobalSection
EndGlobal
