
Microsoft Visual Studio Solution File, Format Version 12.00
# Visual Studio Version 16
VisualStudioVersion = 16.0.29411.108
MinimumVisualStudioVersion = 10.0.40219.1
Project("{FAE04EC0-301F-11D3-BF4B-00C04F79EFBC}") = "ProyectoAdo", "ProyectoAdo\ProyectoAdo.csproj", "{179EAFAA-C51E-40BA-BE16-76C16B9E3DD5}"
EndProject
Global
	GlobalSection(SolutionConfigurationPlatforms) = preSolution
		Debug|Any CPU = Debug|Any CPU
		Release|Any CPU = Release|Any CPU
	EndGlobalSection
	GlobalSection(ProjectConfigurationPlatforms) = postSolution
		{179EAFAA-C51E-40BA-BE16-76C16B9E3DD5}.Debug|Any CPU.ActiveCfg = Debug|Any CPU
		{179EAFAA-C51E-40BA-BE16-76C16B9E3DD5}.Debug|Any CPU.Build.0 = Debug|Any CPU
		{179EAFAA-C51E-40BA-BE16-76C16B9E3DD5}.Release|Any CPU.ActiveCfg = Release|Any CPU
		{179EAFAA-C51E-40BA-BE16-76C16B9E3DD5}.Release|Any CPU.Build.0 = Release|Any CPU
	EndGlobalSection
	GlobalSection(SolutionProperties) = preSolution
		HideSolutionNode = FALSE
	EndGlobalSection
	GlobalSection(ExtensibilityGlobals) = postSolution
		SolutionGuid = {677401D2-F659-4976-88C8-92C1E61C6BE1}
	EndGlobalSection
EndGlobal
