
Microsoft Visual Studio Solution File, Format Version 12.00
# Visual Studio Version 16
VisualStudioVersion = 16.0.29411.108
MinimumVisualStudioVersion = 10.0.40219.1
Project("{FAE04EC0-301F-11D3-BF4B-00C04F79EFBC}") = "Post", "Post\Post.csproj", "{BCA336AE-4F06-4C90-9566-B2A783258880}"
EndProject
Global
	GlobalSection(SolutionConfigurationPlatforms) = preSolution
		Debug|Any CPU = Debug|Any CPU
		Release|Any CPU = Release|Any CPU
	EndGlobalSection
	GlobalSection(ProjectConfigurationPlatforms) = postSolution
		{BCA336AE-4F06-4C90-9566-B2A783258880}.Debug|Any CPU.ActiveCfg = Debug|Any CPU
		{BCA336AE-4F06-4C90-9566-B2A783258880}.Debug|Any CPU.Build.0 = Debug|Any CPU
		{BCA336AE-4F06-4C90-9566-B2A783258880}.Release|Any CPU.ActiveCfg = Release|Any CPU
		{BCA336AE-4F06-4C90-9566-B2A783258880}.Release|Any CPU.Build.0 = Release|Any CPU
	EndGlobalSection
	GlobalSection(SolutionProperties) = preSolution
		HideSolutionNode = FALSE
	EndGlobalSection
	GlobalSection(ExtensibilityGlobals) = postSolution
		SolutionGuid = {54C563F2-6039-494C-88D0-5B8DE1B2A0AF}
	EndGlobalSection
EndGlobal
