
Microsoft Visual Studio Solution File, Format Version 12.00
# Visual Studio Version 16
VisualStudioVersion = 16.0.29411.108
MinimumVisualStudioVersion = 10.0.40219.1
Project("{FAE04EC0-301F-11D3-BF4B-00C04F79EFBC}") = "ProyectoMvcEneroAjax", "ProyectoMvcEneroAjax\ProyectoMvcEneroAjax.csproj", "{1D40EADA-498C-4399-B157-69A155E941BE}"
EndProject
Global
	GlobalSection(SolutionConfigurationPlatforms) = preSolution
		Debug|Any CPU = Debug|Any CPU
		Release|Any CPU = Release|Any CPU
	EndGlobalSection
	GlobalSection(ProjectConfigurationPlatforms) = postSolution
		{1D40EADA-498C-4399-B157-69A155E941BE}.Debug|Any CPU.ActiveCfg = Debug|Any CPU
		{1D40EADA-498C-4399-B157-69A155E941BE}.Debug|Any CPU.Build.0 = Debug|Any CPU
		{1D40EADA-498C-4399-B157-69A155E941BE}.Release|Any CPU.ActiveCfg = Release|Any CPU
		{1D40EADA-498C-4399-B157-69A155E941BE}.Release|Any CPU.Build.0 = Release|Any CPU
	EndGlobalSection
	GlobalSection(SolutionProperties) = preSolution
		HideSolutionNode = FALSE
	EndGlobalSection
	GlobalSection(ExtensibilityGlobals) = postSolution
		SolutionGuid = {1BED92DA-CD20-4112-88FC-428FFB9309D4}
	EndGlobalSection
EndGlobal
