
Microsoft Visual Studio Solution File, Format Version 12.00
# Visual Studio Version 16
VisualStudioVersion = 16.0.29411.108
MinimumVisualStudioVersion = 10.0.40219.1
Project("{FAE04EC0-301F-11D3-BF4B-00C04F79EFBC}") = "ProyectoEntityFramework", "ProyectoEntityFramework\ProyectoEntityFramework.csproj", "{80A70CE7-7E6D-427E-AECF-F50536B13C85}"
EndProject
Global
	GlobalSection(SolutionConfigurationPlatforms) = preSolution
		Debug|Any CPU = Debug|Any CPU
		Release|Any CPU = Release|Any CPU
	EndGlobalSection
	GlobalSection(ProjectConfigurationPlatforms) = postSolution
		{80A70CE7-7E6D-427E-AECF-F50536B13C85}.Debug|Any CPU.ActiveCfg = Debug|Any CPU
		{80A70CE7-7E6D-427E-AECF-F50536B13C85}.Debug|Any CPU.Build.0 = Debug|Any CPU
		{80A70CE7-7E6D-427E-AECF-F50536B13C85}.Release|Any CPU.ActiveCfg = Release|Any CPU
		{80A70CE7-7E6D-427E-AECF-F50536B13C85}.Release|Any CPU.Build.0 = Release|Any CPU
	EndGlobalSection
	GlobalSection(SolutionProperties) = preSolution
		HideSolutionNode = FALSE
	EndGlobalSection
	GlobalSection(ExtensibilityGlobals) = postSolution
		SolutionGuid = {15A9455B-9E3D-4E17-A101-DC35FED16A2E}
	EndGlobalSection
EndGlobal
