
Microsoft Visual Studio Solution File, Format Version 12.00
# Visual Studio Version 16
VisualStudioVersion = 16.0.29411.108
MinimumVisualStudioVersion = 10.0.40219.1
Project("{FAE04EC0-301F-11D3-BF4B-00C04F79EFBC}") = "ProyectoPersonal", "ProyectoPersonal\ProyectoPersonal.csproj", "{4F029A15-B7F3-4D7D-A0DA-278EDAA3B4FC}"
EndProject
Global
	GlobalSection(SolutionConfigurationPlatforms) = preSolution
		Debug|Any CPU = Debug|Any CPU
		Release|Any CPU = Release|Any CPU
	EndGlobalSection
	GlobalSection(ProjectConfigurationPlatforms) = postSolution
		{4F029A15-B7F3-4D7D-A0DA-278EDAA3B4FC}.Debug|Any CPU.ActiveCfg = Debug|Any CPU
		{4F029A15-B7F3-4D7D-A0DA-278EDAA3B4FC}.Debug|Any CPU.Build.0 = Debug|Any CPU
		{4F029A15-B7F3-4D7D-A0DA-278EDAA3B4FC}.Release|Any CPU.ActiveCfg = Release|Any CPU
		{4F029A15-B7F3-4D7D-A0DA-278EDAA3B4FC}.Release|Any CPU.Build.0 = Release|Any CPU
	EndGlobalSection
	GlobalSection(SolutionProperties) = preSolution
		HideSolutionNode = FALSE
	EndGlobalSection
	GlobalSection(ExtensibilityGlobals) = postSolution
		SolutionGuid = {1C4FAE58-4954-42B7-A263-572B6FB7DEB6}
	EndGlobalSection
EndGlobal
