
Microsoft Visual Studio Solution File, Format Version 12.00
# Visual Studio Version 16
VisualStudioVersion = 16.0.29411.108
MinimumVisualStudioVersion = 10.0.40219.1
Project("{FAE04EC0-301F-11D3-BF4B-00C04F79EFBC}") = "ClienteApiCoches", "ClienteApiCoches\ClienteApiCoches.csproj", "{5205EE93-86EF-4465-8528-E6FDD3C8CA69}"
EndProject
Global
	GlobalSection(SolutionConfigurationPlatforms) = preSolution
		Debug|Any CPU = Debug|Any CPU
		Release|Any CPU = Release|Any CPU
	EndGlobalSection
	GlobalSection(ProjectConfigurationPlatforms) = postSolution
		{5205EE93-86EF-4465-8528-E6FDD3C8CA69}.Debug|Any CPU.ActiveCfg = Debug|Any CPU
		{5205EE93-86EF-4465-8528-E6FDD3C8CA69}.Debug|Any CPU.Build.0 = Debug|Any CPU
		{5205EE93-86EF-4465-8528-E6FDD3C8CA69}.Release|Any CPU.ActiveCfg = Release|Any CPU
		{5205EE93-86EF-4465-8528-E6FDD3C8CA69}.Release|Any CPU.Build.0 = Release|Any CPU
	EndGlobalSection
	GlobalSection(SolutionProperties) = preSolution
		HideSolutionNode = FALSE
	EndGlobalSection
	GlobalSection(ExtensibilityGlobals) = postSolution
		SolutionGuid = {C58C6AC4-8929-4C22-AD69-30E0213200D6}
	EndGlobalSection
EndGlobal
