
Microsoft Visual Studio Solution File, Format Version 12.00
# Visual Studio Version 16
VisualStudioVersion = 16.0.29411.108
MinimumVisualStudioVersion = 10.0.40219.1
Project("{FAE04EC0-301F-11D3-BF4B-00C04F79EFBC}") = "ProyectoHacker", "ProyectoHacker\ProyectoHacker.csproj", "{D037B562-F247-4D35-9D16-AC861D9E5BBC}"
EndProject
Global
	GlobalSection(SolutionConfigurationPlatforms) = preSolution
		Debug|Any CPU = Debug|Any CPU
		Release|Any CPU = Release|Any CPU
	EndGlobalSection
	GlobalSection(ProjectConfigurationPlatforms) = postSolution
		{D037B562-F247-4D35-9D16-AC861D9E5BBC}.Debug|Any CPU.ActiveCfg = Debug|Any CPU
		{D037B562-F247-4D35-9D16-AC861D9E5BBC}.Debug|Any CPU.Build.0 = Debug|Any CPU
		{D037B562-F247-4D35-9D16-AC861D9E5BBC}.Release|Any CPU.ActiveCfg = Release|Any CPU
		{D037B562-F247-4D35-9D16-AC861D9E5BBC}.Release|Any CPU.Build.0 = Release|Any CPU
	EndGlobalSection
	GlobalSection(SolutionProperties) = preSolution
		HideSolutionNode = FALSE
	EndGlobalSection
	GlobalSection(ExtensibilityGlobals) = postSolution
		SolutionGuid = {028052CC-1ABF-42AF-8E4D-A976301C70B0}
	EndGlobalSection
EndGlobal
